{
  "name": "@dsb-norge/dsb-webkit",
  "version": "1.0.7",
  "lockfileVersion": 3,
  "requires": true,
  "packages": {
    "": {
      "name": "@dsb-norge/dsb-webkit",
      "version": "1.0.7",
      "license": "MIT",
      "dependencies": {
        "@fontsource/roboto": "5.1.0",
        "@fontsource/roboto-slab": "5.1.0"
      }
    },
    "node_modules/@fontsource/roboto": {
      "version": "5.1.0",
      "resolved": "https://registry.npmjs.org/@fontsource/roboto/-/roboto-5.1.0.tgz",
      "integrity": "sha512-cFRRC1s6RqPygeZ8Uw/acwVHqih8Czjt6Q0MwoUoDe9U3m4dH1HmNDRBZyqlMSFwgNAUKgFImncKdmDHyKpwdg==",
      "license": "Apache-2.0"
    },
    "node_modules/@fontsource/roboto-slab": {
      "version": "5.1.0",
      "resolved": "https://registry.npmjs.org/@fontsource/roboto-slab/-/roboto-slab-5.1.0.tgz",
      "integrity": "sha512-qLqqRm5nwNVgxcfkwL7loyCZr5R5ZR0Vo5vZFgem+zrSKdufB8zQAcOFR3i3ZGnFjuQc2izWSXheY8FSqJ8UoQ==",
      "license": "Apache-2.0"
    }
  }
}
