{
  "name": "@dsb-norge/dsb-webkit",
  "version": "1.0.1",
  "lockfileVersion": 3,
  "requires": true,
  "packages": {
    "": {
      "name": "@dsb-norge/dsb-webkit",
      "version": "1.0.1",
      "license": "MIT",
      "dependencies": {
        "@fontsource/roboto": "5.0.13",
        "@fontsource/roboto-slab": "5.0.20"
      }
    },
    "node_modules/@fontsource/roboto": {
      "version": "5.0.13",
      "resolved": "https://registry.npmjs.org/@fontsource/roboto/-/roboto-5.0.13.tgz",
      "integrity": "sha512-j61DHjsdUCKMXSdNLTOxcG701FWnF0jcqNNQi2iPCDxU8seN/sMxeh62dC++UiagCWq9ghTypX+Pcy7kX+QOeQ=="
    },
    "node_modules/@fontsource/roboto-slab": {
      "version": "5.0.20",
      "resolved": "https://registry.npmjs.org/@fontsource/roboto-slab/-/roboto-slab-5.0.20.tgz",
      "integrity": "sha512-71QJs8SvE0xcVtBb/Jg2/1TKWb7wVaENXRpFLp8fz+sq9Rp/xoKQRMcHQ8yIUIfKlL+SI2z4tYqUViC0SuRzSQ=="
    }
  }
}
