{
  "name": "@dsb-norge/dsb-webkit",
  "version": "1.0.6",
  "lockfileVersion": 3,
  "requires": true,
  "packages": {
    "": {
      "name": "@dsb-norge/dsb-webkit",
      "version": "1.0.6",
      "license": "MIT",
      "dependencies": {
        "@fontsource/roboto": "5.0.14",
        "@fontsource/roboto-slab": "5.0.20"
      }
    },
    "node_modules/@fontsource/roboto": {
      "version": "5.0.14",
      "resolved": "https://registry.npmjs.org/@fontsource/roboto/-/roboto-5.0.14.tgz",
      "integrity": "sha512-zHAxlTTm9RuRn9/StwclFJChf3z9+fBrOxC3fw71htjHP1BgXNISwRjdJtAKAmMe5S2BzgpnjkQR93P9EZYI/Q==",
      "license": "Apache-2.0"
    },
    "node_modules/@fontsource/roboto-slab": {
      "version": "5.0.20",
      "resolved": "https://registry.npmjs.org/@fontsource/roboto-slab/-/roboto-slab-5.0.20.tgz",
      "integrity": "sha512-71QJs8SvE0xcVtBb/Jg2/1TKWb7wVaENXRpFLp8fz+sq9Rp/xoKQRMcHQ8yIUIfKlL+SI2z4tYqUViC0SuRzSQ=="
    }
  }
}
